
Microsoft Visual Studio Solution File, Format Version 12.00
# Visual Studio Version 17
VisualStudioVersion = 17.3.32922.545
MinimumVisualStudioVersion = 10.0.40219.1
Project("{9A19103F-16F7-4668-BE54-9A1E7A4F7556}") = "aksjehandel", "aksjehandel\aksjehandel.csproj", "{F95E526B-4968-4E6A-8A2F-75E71ED2A987}"
EndProject
Project("{9A19103F-16F7-4668-BE54-9A1E7A4F7556}") = "AksjehandelTest", "AksjehandelTest\AksjehandelTest.csproj", "{891BADC7-DE43-4AB2-9C5F-8BF80546ECB6}"
EndProject
Global
	GlobalSection(SolutionConfigurationPlatforms) = preSolution
		Debug|Any CPU = Debug|Any CPU
		Release|Any CPU = Release|Any CPU
	EndGlobalSection
	GlobalSection(ProjectConfigurationPlatforms) = postSolution
		{F95E526B-4968-4E6A-8A2F-75E71ED2A987}.Debug|Any CPU.ActiveCfg = Debug|Any CPU
		{F95E526B-4968-4E6A-8A2F-75E71ED2A987}.Debug|Any CPU.Build.0 = Debug|Any CPU
		{F95E526B-4968-4E6A-8A2F-75E71ED2A987}.Release|Any CPU.ActiveCfg = Release|Any CPU
		{F95E526B-4968-4E6A-8A2F-75E71ED2A987}.Release|Any CPU.Build.0 = Release|Any CPU
		{891BADC7-DE43-4AB2-9C5F-8BF80546ECB6}.Debug|Any CPU.ActiveCfg = Debug|Any CPU
		{891BADC7-DE43-4AB2-9C5F-8BF80546ECB6}.Debug|Any CPU.Build.0 = Debug|Any CPU
		{891BADC7-DE43-4AB2-9C5F-8BF80546ECB6}.Release|Any CPU.ActiveCfg = Release|Any CPU
		{891BADC7-DE43-4AB2-9C5F-8BF80546ECB6}.Release|Any CPU.Build.0 = Release|Any CPU
	EndGlobalSection
	GlobalSection(SolutionProperties) = preSolution
		HideSolutionNode = FALSE
	EndGlobalSection
	GlobalSection(ExtensibilityGlobals) = postSolution
		SolutionGuid = {C43DBEC6-3F4A-4C99-A872-4B37723F45FA}
	EndGlobalSection
EndGlobal
